Microsoft Visual Studio Solution File, Format Version 7.00
Project("{8BC9CEB8-8B4A-11D0-8D11-00A0C91BC942}") = "VB6Scrollwheel", "VB6Scrollwheel.vcproj", "{E06B665E-56B3-4A4D-9892-846AA5058C3D}"
EndProject
Project("{8BC9CEB8-8B4A-11D0-8D11-00A0C91BC942}") = "VB6ScrollWheelHook", "..\VB6ScrollWheelHook\VB6ScrollWheelHook.vcproj", "{5E020592-9353-4785-8F07-8CAB0EE4F1AA}"
EndProject
Global
	GlobalSection(SolutionConfiguration) = preSolution
		ConfigName.0 = Debug
		ConfigName.1 = Release
	EndGlobalSection
	GlobalSection(ProjectDependencies) = postSolution
		{E06B665E-56B3-4A4D-9892-846AA5058C3D}.0 = {5E020592-9353-4785-8F07-8CAB0EE4F1AA}
	EndGlobalSection
	GlobalSection(ProjectConfiguration) = postSolution
		{E06B665E-56B3-4A4D-9892-846AA5058C3D}.Debug.ActiveCfg = Debug|Win32
		{E06B665E-56B3-4A4D-9892-846AA5058C3D}.Debug.Build.0 = Debug|Win32
		{E06B665E-56B3-4A4D-9892-846AA5058C3D}.Release.ActiveCfg = Release|Win32
		{E06B665E-56B3-4A4D-9892-846AA5058C3D}.Release.Build.0 = Release|Win32
		{5E020592-9353-4785-8F07-8CAB0EE4F1AA}.Debug.ActiveCfg = Debug|Win32
		{5E020592-9353-4785-8F07-8CAB0EE4F1AA}.Debug.Build.0 = Debug|Win32
		{5E020592-9353-4785-8F07-8CAB0EE4F1AA}.Release.ActiveCfg = Release|Win32
		{5E020592-9353-4785-8F07-8CAB0EE4F1AA}.Release.Build.0 = Release|Win32
	EndGlobalSection
	GlobalSection(ExtensibilityGlobals) = postSolution
	EndGlobalSection
	GlobalSection(ExtensibilityAddIns) = postSolution
	EndGlobalSection
EndGlobal
