Microsoft Visual Studio Solution File, Format Version 12.00
# Visual Studio Version 16
VisualStudioVersion = 16.0.31019.35
MinimumVisualStudioVersion = 10.0.40219.1
Project("{8BC9CEB8-8B4A-11D0-8D11-00A0C91BC942}") = "VB6Scrollwheel", "VB6ScrollWheel\VB6Scrollwheel.vcxproj", "{E06B665E-56B3-4A4D-9892-846AA5058C3D}"
EndProject
Project("{8BC9CEB8-8B4A-11D0-8D11-00A0C91BC942}") = "VB6ScrollWheelHook", "VB6ScrollWheelHook\VB6ScrollWheelHook.vcxproj", "{5E020592-9353-4785-8F07-8CAB0EE4F1AA}"
EndProject
Global
	GlobalSection(SolutionConfigurationPlatforms) = preSolution
		Debug|Win32 = Debug|Win32
		Release|Win32 = Release|Win32
	EndGlobalSection
	GlobalSection(ProjectConfigurationPlatforms) = postSolution
		{E06B665E-56B3-4A4D-9892-846AA5058C3D}.Debug|Win32.ActiveCfg = Debug|Win32
		{E06B665E-56B3-4A4D-9892-846AA5058C3D}.Debug|Win32.Build.0 = Debug|Win32
		{E06B665E-56B3-4A4D-9892-846AA5058C3D}.Release|Win32.ActiveCfg = Release|Win32
		{E06B665E-56B3-4A4D-9892-846AA5058C3D}.Release|Win32.Build.0 = Release|Win32
		{5E020592-9353-4785-8F07-8CAB0EE4F1AA}.Debug|Win32.ActiveCfg = Debug|Win32
		{5E020592-9353-4785-8F07-8CAB0EE4F1AA}.Debug|Win32.Build.0 = Debug|Win32
		{5E020592-9353-4785-8F07-8CAB0EE4F1AA}.Release|Win32.ActiveCfg = Release|Win32
		{5E020592-9353-4785-8F07-8CAB0EE4F1AA}.Release|Win32.Build.0 = Release|Win32
	EndGlobalSection
	GlobalSection(SolutionProperties) = preSolution
		HideSolutionNode = FALSE
	EndGlobalSection
	GlobalSection(ExtensibilityGlobals) = postSolution
		SolutionGuid = {5D1BDDF3-15DD-4084-B4BF-E54960CC6A27}
	EndGlobalSection
EndGlobal
